
Microsoft Visual Studio Solution File, Format Version 12.00
# Visual Studio Version 17
VisualStudioVersion = 17.1.32210.238
MinimumVisualStudioVersion = 10.0.40219.1
Project("{FAE04EC0-301F-11D3-BF4B-00C04F79EFBC}") = "FormHonNhan", "FormHonNhan\FormHonNhan.csproj", "{3C9CCBA0-79DE-4FB0-BD80-A2D60FB28115}"
EndProject
Global
	GlobalSection(SolutionConfigurationPlatforms) = preSolution
		Debug|Any CPU = Debug|Any CPU
		Release|Any CPU = Release|Any CPU
	EndGlobalSection
	GlobalSection(ProjectConfigurationPlatforms) = postSolution
		{3C9CCBA0-79DE-4FB0-BD80-A2D60FB28115}.Debug|Any CPU.ActiveCfg = Debug|Any CPU
		{3C9CCBA0-79DE-4FB0-BD80-A2D60FB28115}.Debug|Any CPU.Build.0 = Debug|Any CPU
		{3C9CCBA0-79DE-4FB0-BD80-A2D60FB28115}.Release|Any CPU.ActiveCfg = Release|Any CPU
		{3C9CCBA0-79DE-4FB0-BD80-A2D60FB28115}.Release|Any CPU.Build.0 = Release|Any CPU
	EndGlobalSection
	GlobalSection(SolutionProperties) = preSolution
		HideSolutionNode = FALSE
	EndGlobalSection
	GlobalSection(ExtensibilityGlobals) = postSolution
		SolutionGuid = {31AB785A-C62D-4F71-9EFE-AA1909D35477}
	EndGlobalSection
EndGlobal
